<?xml version="1.0" encoding="utf-8"?>
<Project ToolsVersion="4.0" xmlns="http://schemas.microsoft.com/developer/msbuild/2003">
  <ItemGroup>
    <Filter Include="Anle">
      <UniqueIdentifier>{6596827C-51CD-830D-FAB9-6910E6CFFF0E}</UniqueIdentifier>
    </Filter>
  </ItemGroup>
  <ItemGroup>
    <ClInclude Include="src\Anle.h" />
    <ClInclude Include="src\Anle\Application.h">
      <Filter>Anle</Filter>
    </ClInclude>
    <ClInclude Include="src\Anle\Core.h">
      <Filter>Anle</Filter>
    </ClInclude>
    <ClInclude Include="src\Anle\EntryPoint.h">
      <Filter>Anle</Filter>
    </ClInclude>
    <ClInclude Include="src\Anle\Log.h">
      <Filter>Anle</Filter>
    </ClInclude>
  </ItemGroup>
  <ItemGroup>
    <ClCompile Include="src\Anle\Application.cpp">
      <Filter>Anle</Filter>
    </ClCompile>
    <ClCompile Include="src\Anle\Log.cpp">
      <Filter>Anle</Filter>
    </ClCompile>
  </ItemGroup>
</Project>